// !$*UTF8*$!
{
	archiveVersion = 1;
	classes = {
	};
	objectVersion = 56;
	objects = {

/* Begin PBXBuildFile section */
		9C2BE2BE294F08FC0018995C /* AppDelegate.m in Sources */ = {isa = PBXBuildFile; fileRef = 9C2BE2BD294F08FC0018995C /* AppDelegate.m */; };
		9C2BE2C1294F08FC0018995C /* SceneDelegate.m in Sources */ = {isa = PBXBuildFile; fileRef = 9C2BE2C0294F08FC0018995C /* SceneDelegate.m */; };
		9C2BE2C4294F08FC0018995C /* ViewController.m in Sources */ = {isa = PBXBuildFile; fileRef = 9C2BE2C3294F08FC0018995C /* ViewController.m */; };
		9C2BE2C7294F08FC0018995C /* Main.storyboard in Resources */ = {isa = PBXBuildFile; fileRef = 9C2BE2C5294F08FC0018995C /* Main.storyboard */; };
		9C2BE2CA294F08FC0018995C /* signature.xcdatamodeld in Sources */ = {isa = PBXBuildFile; fileRef = 9C2BE2C8294F08FC0018995C /* signature.xcdatamodeld */; };
		9C2BE2CC294F08FE0018995C /* Assets.xcassets in Resources */ = {isa = PBXBuildFile; fileRef = 9C2BE2CB294F08FE0018995C /* Assets.xcassets */; };
		9C2BE2CF294F08FE0018995C /* LaunchScreen.storyboard in Resources */ = {isa = PBXBuildFile; fileRef = 9C2BE2CD294F08FE0018995C /* LaunchScreen.storyboard */; };
		9C2BE2D2294F08FE0018995C /* main.m in Sources */ = {isa = PBXBuildFile; fileRef = 9C2BE2D1294F08FE0018995C /* main.m */; };
		9C2BE2DC294F08FE0018995C /* signatureTests.m in Sources */ = {isa = PBXBuildFile; fileRef = 9C2BE2DB294F08FE0018995C /* signatureTests.m */; };
		9C2BE2E6294F08FE0018995C /* signatureUITests.m in Sources */ = {isa = PBXBuildFile; fileRef = 9C2BE2E5294F08FE0018995C /* signatureUITests.m */; };
		9C2BE2E8294F08FE0018995C /* signatureUITestsLaunchTests.m in Sources */ = {isa = PBXBuildFile; fileRef = 9C2BE2E7294F08FE0018995C /* signatureUITestsLaunchTests.m */; };
/* End PBXBuildFile section */

/* Begin PBXContainerItemProxy section */
		9C2BE2D8294F08FE0018995C /* PBXContainerItemProxy */ = {
			isa = PBXContainerItemProxy;
			containerPortal = 9C2BE2B1294F08FC0018995C /* Project object */;
			proxyType = 1;
			remoteGlobalIDString = 9C2BE2B8294F08FC0018995C;
			remoteInfo = signature;
		};
		9C2BE2E2294F08FE0018995C /* PBXContainerItemProxy */ = {
			isa = PBXContainerItemProxy;
			containerPortal = 9C2BE2B1294F08FC0018995C /* Project object */;
			proxyType = 1;
			remoteGlobalIDString = 9C2BE2B8294F08FC0018995C;
			remoteInfo = signature;
		};
/* End PBXContainerItemProxy section */

/* Begin PBXFileReference section */
		9C2BE2B9294F08FC0018995C /* signature.app */ = {isa = PBXFileReference; explicitFileType = wrapper.application; includeInIndex = 0; path = signature.app; sourceTree = BUILT_PRODUCTS_DIR; };
		9C2BE2BC294F08FC0018995C /* AppDelegate.h */ = {isa = PBXFileReference; lastKnownFileType = sourcecode.c.h; path = AppDelegate.h; sourceTree = "<group>"; };
		9C2BE2BD294F08FC0018995C /* AppDelegate.m */ = {isa = PBXFileReference; lastKnownFileType = sourcecode.c.objc; path = AppDelegate.m; sourceTree = "<group>"; };
		9C2BE2BF294F08FC0018995C /* SceneDelegate.h */ = {isa = PBXFileReference; lastKnownFileType = sourcecode.c.h; path = SceneDelegate.h; sourceTree = "<group>"; };
		9C2BE2C0294F08FC0018995C /* SceneDelegate.m */ = {isa = PBXFileReference; lastKnownFileType = sourcecode.c.objc; path = SceneDelegate.m; sourceTree = "<group>"; };
		9C2BE2C2294F08FC0018995C /* ViewController.h */ = {isa = PBXFileReference; lastKnownFileType = sourcecode.c.h; path = ViewController.h; sourceTree = "<group>"; };
		9C2BE2C3294F08FC0018995C /* ViewController.m */ = {isa = PBXFileReference; lastKnownFileType = sourcecode.c.objc; path = ViewController.m; sourceTree = "<group>"; };
		9C2BE2C6294F08FC0018995C /* Base */ = {isa = PBXFileReference; lastKnownFileType = file.storyboard; name = Base; path = Base.lproj/Main.storyboard; sourceTree = "<group>"; };
		9C2BE2C9294F08FC0018995C /* signature.xcdatamodel */ = {isa = PBXFileReference; lastKnownFileType = wrapper.xcdatamodel; path = signature.xcdatamodel; sourceTree = "<group>"; };
		9C2BE2CB294F08FE0018995C /* Assets.xcassets */ = {isa = PBXFileReference; lastKnownFileType = folder.assetcatalog; path = Assets.xcassets; sourceTree = "<group>"; };
		9C2BE2CE294F08FE0018995C /* Base */ = {isa = PBXFileReference; lastKnownFileType = file.storyboard; name = Base; path = Base.lproj/LaunchScreen.storyboard; sourceTree = "<group>"; };
		9C2BE2D0294F08FE0018995C /* Info.plist */ = {isa = PBXFileReference; lastKnownFileType = text.plist.xml; path = Info.plist; sourceTree = "<group>"; };
		9C2BE2D1294F08FE0018995C /* main.m */ = {isa = PBXFileReference; lastKnownFileType = sourcecode.c.objc; path = main.m; sourceTree = "<group>"; };
		9C2BE2D7294F08FE0018995C /* signatureTests.xctest */ = {isa = PBXFileReference; explicitFileType = wrapper.cfbundle; includeInIndex = 0; path = signatureTests.xctest; sourceTree = BUILT_PRODUCTS_DIR; };
		9C2BE2DB294F08FE0018995C /* signatureTests.m */ = {isa = PBXFileReference; lastKnownFileType = sourcecode.c.objc; path = signatureTests.m; sourceTree = "<group>"; };
		9C2BE2E1294F08FE0018995C /* signatureUITests.xctest */ = {isa = PBXFileReference; explicitFileType = wrapper.cfbundle; includeInIndex = 0; path = signatureUITests.xctest; sourceTree = BUILT_PRODUCTS_DIR; };
		9C2BE2E5294F08FE0018995C /* signatureUITests.m */ = {isa = PBXFileReference; lastKnownFileType = sourcecode.c.objc; path = signatureUITests.m; sourceTree = "<group>"; };
		9C2BE2E7294F08FE0018995C /* signatureUITestsLaunchTests.m */ = {isa = PBXFileReference; lastKnownFileType = sourcecode.c.objc; path = signatureUITestsLaunchTests.m; sourceTree = "<group>"; };
/* End PBXFileReference section */

/* Begin PBXFrameworksBuildPhase section */
		9C2BE2B6294F08FC0018995C /* Frameworks */ = {
			isa = PBXFrameworksBuildPhase;
			buildActionMask = 2147483647;
			files = (
			);
			runOnlyForDeploymentPostprocessing = 0;
		};
		9C2BE2D4294F08FE0018995C /* Frameworks */ = {
			isa = PBXFrameworksBuildPhase;
			buildActionMask = 2147483647;
			files = (
			);
			runOnlyForDeploymentPostprocessing = 0;
		};
		9C2BE2DE294F08FE0018995C /* Frameworks */ = {
			isa = PBXFrameworksBuildPhase;
			buildActionMask = 2147483647;
			files = (
			);
			runOnlyForDeploymentPostprocessing = 0;
		};
/* End PBXFrameworksBuildPhase section */

/* Begin PBXGroup section */
		9C2BE2B0294F08FC0018995C = {
			isa = PBXGroup;
			children = (
				9C2BE2BB294F08FC0018995C /* signature */,
				9C2BE2DA294F08FE0018995C /* signatureTests */,
				9C2BE2E4294F08FE0018995C /* signatureUITests */,
				9C2BE2BA294F08FC0018995C /* Products */,
			);
			sourceTree = "<group>";
		};
		9C2BE2BA294F08FC0018995C /* Products */ = {
			isa = PBXGroup;
			children = (
				9C2BE2B9294F08FC0018995C /* signature.app */,
				9C2BE2D7294F08FE0018995C /* signatureTests.xctest */,
				9C2BE2E1294F08FE0018995C /* signatureUITests.xctest */,
			);
			name = Products;
			sourceTree = "<group>";
		};
		9C2BE2BB294F08FC0018995C /* signature */ = {
			isa = PBXGroup;
			children = (
				9C2BE2BC294F08FC0018995C /* AppDelegate.h */,
				9C2BE2BD294F08FC0018995C /* AppDelegate.m */,
				9C2BE2BF294F08FC0018995C /* SceneDelegate.h */,
				9C2BE2C0294F08FC0018995C /* SceneDelegate.m */,
				9C2BE2C2294F08FC0018995C /* ViewController.h */,
				9C2BE2C3294F08FC0018995C /* ViewController.m */,
				9C2BE2C5294F08FC0018995C /* Main.storyboard */,
				9C2BE2CB294F08FE0018995C /* Assets.xcassets */,
				9C2BE2CD294F08FE0018995C /* LaunchScreen.storyboard */,
				9C2BE2D0294F08FE0018995C /* Info.plist */,
				9C2BE2D1294F08FE0018995C /* main.m */,
				9C2BE2C8294F08FC0018995C /* signature.xcdatamodeld */,
			);
			path = signature;
			sourceTree = "<group>";
		};
		9C2BE2DA294F08FE0018995C /* signatureTests */ = {
			isa = PBXGroup;
			children = (
				9C2BE2DB294F08FE0018995C /* signatureTests.m */,
			);
			path = signatureTests;
			sourceTree = "<group>";
		};
		9C2BE2E4294F08FE0018995C /* signatureUITests */ = {
			isa = PBXGroup;
			children = (
				9C2BE2E5294F08FE0018995C /* signatureUITests.m */,
				9C2BE2E7294F08FE0018995C /* signatureUITestsLaunchTests.m */,
			);
			path = signatureUITests;
			sourceTree = "<group>";
		};
/* End PBXGroup section */

/* Begin PBXNativeTarget section */
		9C2BE2B8294F08FC0018995C /* signature */ = {
			isa = PBXNativeTarget;
			buildConfigurationList = 9C2BE2EB294F08FE0018995C /* Build configuration list for PBXNativeTarget "signature" */;
			buildPhases = (
				9C2BE2B5294F08FC0018995C /* Sources */,
				9C2BE2B6294F08FC0018995C /* Frameworks */,
				9C2BE2B7294F08FC0018995C /* Resources */,
			);
			buildRules = (
			);
			dependencies = (
			);
			name = signature;
			productName = signature;
			productReference = 9C2BE2B9294F08FC0018995C /* signature.app */;
			productType = "com.apple.product-type.application";
		};
		9C2BE2D6294F08FE0018995C /* signatureTests */ = {
			isa = PBXNativeTarget;
			buildConfigurationList = 9C2BE2EE294F08FE0018995C /* Build configuration list for PBXNativeTarget "signatureTests" */;
			buildPhases = (
				9C2BE2D3294F08FE0018995C /* Sources */,
				9C2BE2D4294F08FE0018995C /* Frameworks */,
				9C2BE2D5294F08FE0018995C /* Resources */,
			);
			buildRules = (
			);
			dependencies = (
				9C2BE2D9294F08FE0018995C /* PBXTargetDependency */,
			);
			name = signatureTests;
			productName = signatureTests;
			productReference = 9C2BE2D7294F08FE0018995C /* signatureTests.xctest */;
			productType = "com.apple.product-type.bundle.unit-test";
		};
		9C2BE2E0294F08FE0018995C /* signatureUITests */ = {
			isa = PBXNativeTarget;
			buildConfigurationList = 9C2BE2F1294F08FE0018995C /* Build configuration list for PBXNativeTarget "signatureUITests" */;
			buildPhases = (
				9C2BE2DD294F08FE0018995C /* Sources */,
				9C2BE2DE294F08FE0018995C /* Frameworks */,
				9C2BE2DF294F08FE0018995C /* Resources */,
			);
			buildRules = (
			);
			dependencies = (
				9C2BE2E3294F08FE0018995C /* PBXTargetDependency */,
			);
			name = signatureUITests;
			productName = signatureUITests;
			productReference = 9C2BE2E1294F08FE0018995C /* signatureUITests.xctest */;
			productType = "com.apple.product-type.bundle.ui-testing";
		};
/* End PBXNativeTarget section */

/* Begin PBXProject section */
		9C2BE2B1294F08FC0018995C /* Project object */ = {
			isa = PBXProject;
			attributes = {
				BuildIndependentTargetsInParallel = 1;
				LastUpgradeCheck = 1420;
				TargetAttributes = {
					9C2BE2B8294F08FC0018995C = {
						CreatedOnToolsVersion = 14.2;
					};
					9C2BE2D6294F08FE0018995C = {
						CreatedOnToolsVersion = 14.2;
						TestTargetID = 9C2BE2B8294F08FC0018995C;
					};
					9C2BE2E0294F08FE0018995C = {
						CreatedOnToolsVersion = 14.2;
						TestTargetID = 9C2BE2B8294F08FC0018995C;
					};
				};
			};
			buildConfigurationList = 9C2BE2B4294F08FC0018995C /* Build configuration list for PBXProject "signature" */;
			compatibilityVersion = "Xcode 14.0";
			developmentRegion = en;
			hasScannedForEncodings = 0;
			knownRegions = (
				en,
				Base,
			);
			mainGroup = 9C2BE2B0294F08FC0018995C;
			productRefGroup = 9C2BE2BA294F08FC0018995C /* Products */;
			projectDirPath = "";
			projectRoot = "";
			targets = (
				9C2BE2B8294F08FC0018995C /* signature */,
				9C2BE2D6294F08FE0018995C /* signatureTests */,
				9C2BE2E0294F08FE0018995C /* signatureUITests */,
			);
		};
/* End PBXProject section */

/* Begin PBXResourcesBuildPhase section */
		9C2BE2B7294F08FC0018995C /* Resources */ = {
			isa = PBXResourcesBuildPhase;
			buildActionMask = 2147483647;
			files = (
				9C2BE2CF294F08FE0018995C /* LaunchScreen.storyboard in Resources */,
				9C2BE2CC294F08FE0018995C /* Assets.xcassets in Resources */,
				9C2BE2C7294F08FC0018995C /* Main.storyboard in Resources */,
			);
			runOnlyForDeploymentPostprocessing = 0;
		};
		9C2BE2D5294F08FE0018995C /* Resources */ = {
			isa = PBXResourcesBuildPhase;
			buildActionMask = 2147483647;
			files = (
			);
			runOnlyForDeploymentPostprocessing = 0;
		};
		9C2BE2DF294F08FE0018995C /* Resources */ = {
			isa = PBXResourcesBuildPhase;
			buildActionMask = 2147483647;
			files = (
			);
			runOnlyForDeploymentPostprocessing = 0;
		};
/* End PBXResourcesBuildPhase section */

/* Begin PBXSourcesBuildPhase section */
		9C2BE2B5294F08FC0018995C /* Sources */ = {
			isa = PBXSourcesBuildPhase;
			buildActionMask = 2147483647;
			files = (
				9C2BE2D2294F08FE0018995C /* main.m in Sources */,
				9C2BE2CA294F08FC0018995C /* signature.xcdatamodeld in Sources */,
				9C2BE2C4294F08FC0018995C /* ViewController.m in Sources */,
				9C2BE2BE294F08FC0018995C /* AppDelegate.m in Sources */,
				9C2BE2C1294F08FC0018995C /* SceneDelegate.m in Sources */,
			);
			runOnlyForDeploymentPostprocessing = 0;
		};
		9C2BE2D3294F08FE0018995C /* Sources */ = {
			isa = PBXSourcesBuildPhase;
			buildActionMask = 2147483647;
			files = (
				9C2BE2DC294F08FE0018995C /* signatureTests.m in Sources */,
			);
			runOnlyForDeploymentPostprocessing = 0;
		};
		9C2BE2DD294F08FE0018995C /* Sources */ = {
			isa = PBXSourcesBuildPhase;
			buildActionMask = 2147483647;
			files = (
				9C2BE2E6294F08FE0018995C /* signatureUITests.m in Sources */,
				9C2BE2E8294F08FE0018995C /* signatureUITestsLaunchTests.m in Sources */,
			);
			runOnlyForDeploymentPostprocessing = 0;
		};
/* End PBXSourcesBuildPhase section */

/* Begin PBXTargetDependency section */
		9C2BE2D9294F08FE0018995C /* PBXTargetDependency */ = {
			isa = PBXTargetDependency;
			target = 9C2BE2B8294F08FC0018995C /* signature */;
			targetProxy = 9C2BE2D8294F08FE0018995C /* PBXContainerItemProxy */;
		};
		9C2BE2E3294F08FE0018995C /* PBXTargetDependency */ = {
			isa = PBXTargetDependency;
			target = 9C2BE2B8294F08FC0018995C /* signature */;
			targetProxy = 9C2BE2E2294F08FE0018995C /* PBXContainerItemProxy */;
		};
/* End PBXTargetDependency section */

/* Begin PBXVariantGroup section */
		9C2BE2C5294F08FC0018995C /* Main.storyboard */ = {
			isa = PBXVariantGroup;
			children = (
				9C2BE2C6294F08FC0018995C /* Base */,
			);
			name = Main.storyboard;
			sourceTree = "<group>";
		};
		9C2BE2CD294F08FE0018995C /* LaunchScreen.storyboard */ = {
			isa = PBXVariantGroup;
			children = (
				9C2BE2CE294F08FE0018995C /* Base */,
			);
			name = LaunchScreen.storyboard;
			sourceTree = "<group>";
		};
/* End PBXVariantGroup section */

/* Begin XCBuildConfiguration section */
		9C2BE2E9294F08FE0018995C /* Debug */ = {
			isa = XCBuildConfiguration;
			buildSettings = {
				ALWAYS_SEARCH_USER_PATHS = NO;
				CLANG_ANALYZER_NONNULL = YES;
				CLANG_ANALYZER_NUMBER_OBJECT_CONVERSION = YES_AGGRESSIVE;
				CLANG_CXX_LANGUAGE_STANDARD = "gnu++20";
				CLANG_ENABLE_MODULES = YES;
				CLANG_ENABLE_OBJC_ARC = YES;
				CLANG_ENABLE_OBJC_WEAK = YES;
				CLANG_WARN_BLOCK_CAPTURE_AUTORELEASING = YES;
				CLANG_WARN_BOOL_CONVERSION = YES;
				CLANG_WARN_COMMA = YES;
				CLANG_WARN_CONSTANT_CONVERSION = YES;
				CLANG_WARN_DEPRECATED_OBJC_IMPLEMENTATIONS = YES;
				CLANG_WARN_DIRECT_OBJC_ISA_USAGE = YES_ERROR;
				CLANG_WARN_DOCUMENTATION_COMMENTS = YES;
				CLANG_WARN_EMPTY_BODY = YES;
				CLANG_WARN_ENUM_CONVERSION = YES;
				CLANG_WARN_INFINITE_RECURSION = YES;
				CLANG_WARN_INT_CONVERSION = YES;
				CLANG_WARN_NON_LITERAL_NULL_CONVERSION = YES;
				CLANG_WARN_OBJC_IMPLICIT_RETAIN_SELF = YES;
				CLANG_WARN_OBJC_LITERAL_CONVERSION = YES;
				CLANG_WARN_OBJC_ROOT_CLASS = YES_ERROR;
				CLANG_WARN_QUOTED_INCLUDE_IN_FRAMEWORK_HEADER = YES;
				CLANG_WARN_RANGE_LOOP_ANALYSIS = YES;
				CLANG_WARN_STRICT_PROTOTYPES = YES;
				CLANG_WARN_SUSPICIOUS_MOVE = YES;
				CLANG_WARN_UNGUARDED_AVAILABILITY = YES_AGGRESSIVE;
				CLANG_WARN_UNREACHABLE_CODE = YES;
				CLANG_WARN__DUPLICATE_METHOD_MATCH = YES;
				COPY_PHASE_STRIP = NO;
				DEBUG_INFORMATION_FORMAT = dwarf;
				ENABLE_STRICT_OBJC_MSGSEND = YES;
				ENABLE_TESTABILITY = YES;
				GCC_C_LANGUAGE_STANDARD = gnu11;
				GCC_DYNAMIC_NO_PIC = NO;
				GCC_NO_COMMON_BLOCKS = YES;
				GCC_OPTIMIZATION_LEVEL = 0;
				GCC_PREPROCESSOR_DEFINITIONS = (
					"DEBUG=1",
					"$(inherited)",
				);
				GCC_WARN_64_TO_32_BIT_CONVERSION = YES;
				GCC_WARN_ABOUT_RETURN_TYPE = YES_ERROR;
				GCC_WARN_UNDECLARED_SELECTOR = YES;
				GCC_WARN_UNINITIALIZED_AUTOS = YES_AGGRESSIVE;
				GCC_WARN_UNUSED_FUNCTION = YES;
				GCC_WARN_UNUSED_VARIABLE = YES;
				IPHONEOS_DEPLOYMENT_TARGET = 16.2;
				MTL_ENABLE_DEBUG_INFO = INCLUDE_SOURCE;
				MTL_FAST_MATH = YES;
				ONLY_ACTIVE_ARCH = YES;
				SDKROOT = iphoneos;
			};
			name = Debug;
		};
		9C2BE2EA294F08FE0018995C /* Release */ = {
			isa = XCBuildConfiguration;
			buildSettings = {
				ALWAYS_SEARCH_USER_PATHS = NO;
				CLANG_ANALYZER_NONNULL = YES;
				CLANG_ANALYZER_NUMBER_OBJECT_CONVERSION = YES_AGGRESSIVE;
				CLANG_CXX_LANGUAGE_STANDARD = "gnu++20";
				CLANG_ENABLE_MODULES = YES;
				CLANG_ENABLE_OBJC_ARC = YES;
				CLANG_ENABLE_OBJC_WEAK = YES;
				CLANG_WARN_BLOCK_CAPTURE_AUTORELEASING = YES;
				CLANG_WARN_BOOL_CONVERSION = YES;
				CLANG_WARN_COMMA = YES;
				CLANG_WARN_CONSTANT_CONVERSION = YES;
				CLANG_WARN_DEPRECATED_OBJC_IMPLEMENTATIONS = YES;
				CLANG_WARN_DIRECT_OBJC_ISA_USAGE = YES_ERROR;
				CLANG_WARN_DOCUMENTATION_COMMENTS = YES;
				CLANG_WARN_EMPTY_BODY = YES;
				CLANG_WARN_ENUM_CONVERSION = YES;
				CLANG_WARN_INFINITE_RECURSION = YES;
				CLANG_WARN_INT_CONVERSION = YES;
				CLANG_WARN_NON_LITERAL_NULL_CONVERSION = YES;
				CLANG_WARN_OBJC_IMPLICIT_RETAIN_SELF = YES;
				CLANG_WARN_OBJC_LITERAL_CONVERSION = YES;
				CLANG_WARN_OBJC_ROOT_CLASS = YES_ERROR;
				CLANG_WARN_QUOTED_INCLUDE_IN_FRAMEWORK_HEADER = YES;
				CLANG_WARN_RANGE_LOOP_ANALYSIS = YES;
				CLANG_WARN_STRICT_PROTOTYPES = YES;
				CLANG_WARN_SUSPICIOUS_MOVE = YES;
				CLANG_WARN_UNGUARDED_AVAILABILITY = YES_AGGRESSIVE;
				CLANG_WARN_UNREACHABLE_CODE = YES;
				CLANG_WARN__DUPLICATE_METHOD_MATCH = YES;
				COPY_PHASE_STRIP = NO;
				DEBUG_INFORMATION_FORMAT = "dwarf-with-dsym";
				ENABLE_NS_ASSERTIONS = NO;
				ENABLE_STRICT_OBJC_MSGSEND = YES;
				GCC_C_LANGUAGE_STANDARD = gnu11;
				GCC_NO_COMMON_BLOCKS = YES;
				GCC_WARN_64_TO_32_BIT_CONVERSION = YES;
				GCC_WARN_ABOUT_RETURN_TYPE = YES_ERROR;
				GCC_WARN_UNDECLARED_SELECTOR = YES;
				GCC_WARN_UNINITIALIZED_AUTOS = YES_AGGRESSIVE;
				GCC_WARN_UNUSED_FUNCTION = YES;
				GCC_WARN_UNUSED_VARIABLE = YES;
				IPHONEOS_DEPLOYMENT_TARGET = 16.2;
				MTL_ENABLE_DEBUG_INFO = NO;
				MTL_FAST_MATH = YES;
				SDKROOT = iphoneos;
				VALIDATE_PRODUCT = YES;
			};
			name = Release;
		};
		9C2BE2EC294F08FE0018995C /* Debug */ = {
			isa = XCBuildConfiguration;
			buildSettings = {
				ASSETCATALOG_COMPILER_APPICON_NAME = AppIcon;
				ASSETCATALOG_COMPILER_GLOBAL_ACCENT_COLOR_NAME = AccentColor;
				CODE_SIGN_STYLE = Automatic;
				CURRENT_PROJECT_VERSION = 1;
				GENERATE_INFOPLIST_FILE = YES;
				INFOPLIST_FILE = signature/Info.plist;
				INFOPLIST_KEY_UIApplicationSupportsIndirectInputEvents = YES;
				INFOPLIST_KEY_UILaunchStoryboardName = LaunchScreen;
				INFOPLIST_KEY_UIMainStoryboardFile = Main;
				INFOPLIST_KEY_UISupportedInterfaceOrientations_iPad = "UIInterfaceOrientationPortrait UIInterfaceOrientationPortraitUpsideDown UIInterfaceOrientationLandscapeLeft UIInterfaceOrientationLandscapeRight";
				INFOPLIST_KEY_UISupportedInterfaceOrientations_iPhone = "UIInterfaceOrientationPortrait UIInterfaceOrientationLandscapeLeft UIInterfaceOrientationLandscapeRight";
				LD_RUNPATH_SEARCH_PATHS = (
					"$(inherited)",
					"@executable_path/Frameworks",
				);
				MARKETING_VERSION = 1.0;
				PRODUCT_BUNDLE_IDENTIFIER = huawei.signature;
				PRODUCT_NAME = "$(TARGET_NAME)";
				SWIFT_EMIT_LOC_STRINGS = YES;
				TARGETED_DEVICE_FAMILY = "1,2";
			};
			name = Debug;
		};
		9C2BE2ED294F08FE0018995C /* Release */ = {
			isa = XCBuildConfiguration;
			buildSettings = {
				ASSETCATALOG_COMPILER_APPICON_NAME = AppIcon;
				ASSETCATALOG_COMPILER_GLOBAL_ACCENT_COLOR_NAME = AccentColor;
				CODE_SIGN_STYLE = Automatic;
				CURRENT_PROJECT_VERSION = 1;
				GENERATE_INFOPLIST_FILE = YES;
				INFOPLIST_FILE = signature/Info.plist;
				INFOPLIST_KEY_UIApplicationSupportsIndirectInputEvents = YES;
				INFOPLIST_KEY_UILaunchStoryboardName = LaunchScreen;
				INFOPLIST_KEY_UIMainStoryboardFile = Main;
				INFOPLIST_KEY_UISupportedInterfaceOrientations_iPad = "UIInterfaceOrientationPortrait UIInterfaceOrientationPortraitUpsideDown UIInterfaceOrientationLandscapeLeft UIInterfaceOrientationLandscapeRight";
				INFOPLIST_KEY_UISupportedInterfaceOrientations_iPhone = "UIInterfaceOrientationPortrait UIInterfaceOrientationLandscapeLeft UIInterfaceOrientationLandscapeRight";
				LD_RUNPATH_SEARCH_PATHS = (
					"$(inherited)",
					"@executable_path/Frameworks",
				);
				MARKETING_VERSION = 1.0;
				PRODUCT_BUNDLE_IDENTIFIER = huawei.signature;
				PRODUCT_NAME = "$(TARGET_NAME)";
				SWIFT_EMIT_LOC_STRINGS = YES;
				TARGETED_DEVICE_FAMILY = "1,2";
			};
			name = Release;
		};
		9C2BE2EF294F08FE0018995C /* Debug */ = {
			isa = XCBuildConfiguration;
			buildSettings = {
				BUNDLE_LOADER = "$(TEST_HOST)";
				CODE_SIGN_STYLE = Automatic;
				CURRENT_PROJECT_VERSION = 1;
				GENERATE_INFOPLIST_FILE = YES;
				IPHONEOS_DEPLOYMENT_TARGET = 16.2;
				MARKETING_VERSION = 1.0;
				PRODUCT_BUNDLE_IDENTIFIER = huawei.signatureTests;
				PRODUCT_NAME = "$(TARGET_NAME)";
				SWIFT_EMIT_LOC_STRINGS = NO;
				TARGETED_DEVICE_FAMILY = "1,2";
				TEST_HOST = "$(BUILT_PRODUCTS_DIR)/signature.app/$(BUNDLE_EXECUTABLE_FOLDER_PATH)/signature";
			};
			name = Debug;
		};
		9C2BE2F0294F08FE0018995C /* Release */ = {
			isa = XCBuildConfiguration;
			buildSettings = {
				BUNDLE_LOADER = "$(TEST_HOST)";
				CODE_SIGN_STYLE = Automatic;
				CURRENT_PROJECT_VERSION = 1;
				GENERATE_INFOPLIST_FILE = YES;
				IPHONEOS_DEPLOYMENT_TARGET = 16.2;
				MARKETING_VERSION = 1.0;
				PRODUCT_BUNDLE_IDENTIFIER = huawei.signatureTests;
				PRODUCT_NAME = "$(TARGET_NAME)";
				SWIFT_EMIT_LOC_STRINGS = NO;
				TARGETED_DEVICE_FAMILY = "1,2";
				TEST_HOST = "$(BUILT_PRODUCTS_DIR)/signature.app/$(BUNDLE_EXECUTABLE_FOLDER_PATH)/signature";
			};
			name = Release;
		};
		9C2BE2F2294F08FE0018995C /* Debug */ = {
			isa = XCBuildConfiguration;
			buildSettings = {
				CODE_SIGN_STYLE = Automatic;
				CURRENT_PROJECT_VERSION = 1;
				GENERATE_INFOPLIST_FILE = YES;
				MARKETING_VERSION = 1.0;
				PRODUCT_BUNDLE_IDENTIFIER = huawei.signatureUITests;
				PRODUCT_NAME = "$(TARGET_NAME)";
				SWIFT_EMIT_LOC_STRINGS = NO;
				TARGETED_DEVICE_FAMILY = "1,2";
				TEST_TARGET_NAME = signature;
			};
			name = Debug;
		};
		9C2BE2F3294F08FE0018995C /* Release */ = {
			isa = XCBuildConfiguration;
			buildSettings = {
				CODE_SIGN_STYLE = Automatic;
				CURRENT_PROJECT_VERSION = 1;
				GENERATE_INFOPLIST_FILE = YES;
				MARKETING_VERSION = 1.0;
				PRODUCT_BUNDLE_IDENTIFIER = huawei.signatureUITests;
				PRODUCT_NAME = "$(TARGET_NAME)";
				SWIFT_EMIT_LOC_STRINGS = NO;
				TARGETED_DEVICE_FAMILY = "1,2";
				TEST_TARGET_NAME = signature;
			};
			name = Release;
		};
/* End XCBuildConfiguration section */

/* Begin XCConfigurationList section */
		9C2BE2B4294F08FC0018995C /* Build configuration list for PBXProject "signature" */ = {
			isa = XCConfigurationList;
			buildConfigurations = (
				9C2BE2E9294F08FE0018995C /* Debug */,
				9C2BE2EA294F08FE0018995C /* Release */,
			);
			defaultConfigurationIsVisible = 0;
			defaultConfigurationName = Release;
		};
		9C2BE2EB294F08FE0018995C /* Build configuration list for PBXNativeTarget "signature" */ = {
			isa = XCConfigurationList;
			buildConfigurations = (
				9C2BE2EC294F08FE0018995C /* Debug */,
				9C2BE2ED294F08FE0018995C /* Release */,
			);
			defaultConfigurationIsVisible = 0;
			defaultConfigurationName = Release;
		};
		9C2BE2EE294F08FE0018995C /* Build configuration list for PBXNativeTarget "signatureTests" */ = {
			isa = XCConfigurationList;
			buildConfigurations = (
				9C2BE2EF294F08FE0018995C /* Debug */,
				9C2BE2F0294F08FE0018995C /* Release */,
			);
			defaultConfigurationIsVisible = 0;
			defaultConfigurationName = Release;
		};
		9C2BE2F1294F08FE0018995C /* Build configuration list for PBXNativeTarget "signatureUITests" */ = {
			isa = XCConfigurationList;
			buildConfigurations = (
				9C2BE2F2294F08FE0018995C /* Debug */,
				9C2BE2F3294F08FE0018995C /* Release */,
			);
			defaultConfigurationIsVisible = 0;
			defaultConfigurationName = Release;
		};
/* End XCConfigurationList section */

/* Begin XCVersionGroup section */
		9C2BE2C8294F08FC0018995C /* signature.xcdatamodeld */ = {
			isa = XCVersionGroup;
			children = (
				9C2BE2C9294F08FC0018995C /* signature.xcdatamodel */,
			);
			currentVersion = 9C2BE2C9294F08FC0018995C /* signature.xcdatamodel */;
			path = signature.xcdatamodeld;
			sourceTree = "<group>";
			versionGroupType = wrapper.xcdatamodel;
		};
/* End XCVersionGroup section */
	};
	rootObject = 9C2BE2B1294F08FC0018995C /* Project object */;
}
